{
  "name": "proxy",
  "lockfileVersion": 2,
  "requires": true,
  "packages": {
    "": {
      "dependencies": {
        "itty-router": "^2.3.10"
      },
      "devDependencies": {
        "@cloudflare/workers-types": "^2.2.2",
        "esbuild": "^0.12.14"
      }
    },
    "node_modules/@cloudflare/workers-types": {
      "version": "2.2.2",
      "resolved": "https://registry.npmjs.org/@cloudflare/workers-types/-/workers-types-2.2.2.tgz",
      "integrity": "sha512-kaMn2rueJ0PL1TYVGknTCh0X0x0d9G+FNXAFep7/4uqecEZoQb/63o6rOmMuiqI09zLuHV6xhKRXinokV/MY9A==",
      "dev": true
    },
    "node_modules/esbuild": {
      "version": "0.12.14",
      "resolved": "https://registry.npmjs.org/esbuild/-/esbuild-0.12.14.tgz",
      "integrity": "sha512-z8p+6FGiplR7a3pPonXREbm+8IeXjBGvDpVidZmGB/AJMsJSfGCU+n7KOMCazA9AwvagadRWBhiKorC0w9WJvw==",
      "dev": true,
      "hasInstallScript": true,
      "bin": {
        "esbuild": "bin/esbuild"
      }
    },
    "node_modules/itty-router": {
      "version": "2.3.10",
      "resolved": "https://registry.npmjs.org/itty-router/-/itty-router-2.3.10.tgz",
      "integrity": "sha512-ul8quBGpHWZ1HAutnyXm9f9EAz9rLMEA+9bL/E31DviAb0skFhblxQrZLgq/IwgHRjt3HNoqmv8KuVYe094x4g=="
    }
  },
  "dependencies": {
    "@cloudflare/workers-types": {
      "version": "2.2.2",
      "resolved": "https://registry.npmjs.org/@cloudflare/workers-types/-/workers-types-2.2.2.tgz",
      "integrity": "sha512-kaMn2rueJ0PL1TYVGknTCh0X0x0d9G+FNXAFep7/4uqecEZoQb/63o6rOmMuiqI09zLuHV6xhKRXinokV/MY9A==",
      "dev": true
    },
    "esbuild": {
      "version": "0.12.14",
      "resolved": "https://registry.npmjs.org/esbuild/-/esbuild-0.12.14.tgz",
      "integrity": "sha512-z8p+6FGiplR7a3pPonXREbm+8IeXjBGvDpVidZmGB/AJMsJSfGCU+n7KOMCazA9AwvagadRWBhiKorC0w9WJvw==",
      "dev": true
    },
    "itty-router": {
      "version": "2.3.10",
      "resolved": "https://registry.npmjs.org/itty-router/-/itty-router-2.3.10.tgz",
      "integrity": "sha512-ul8quBGpHWZ1HAutnyXm9f9EAz9rLMEA+9bL/E31DviAb0skFhblxQrZLgq/IwgHRjt3HNoqmv8KuVYe094x4g=="
    }
  }
}
